
Microsoft Visual Studio Solution File, Format Version 11.00
# Visual Studio 2010
Project("{FAE04EC0-301F-11D3-BF4B-00C04F79EFBC}") = "AcademyOfVR_GoogleCardboard-mari", "Assembly-CSharp.csproj", "{FD63BF6E-00EF-5D33-96F7-6383B63CE558}"
EndProject
Project("{FAE04EC0-301F-11D3-BF4B-00C04F79EFBC}") = "AcademyOfVR_GoogleCardboard-mari", "Assembly-CSharp-Editor.csproj", "{F60E3F58-7BB3-730A-5FAC-746CA624FA62}"
EndProject
Global
	GlobalSection(SolutionConfigurationPlatforms) = preSolution
		Debug|Any CPU = Debug|Any CPU
		Release|Any CPU = Release|Any CPU
	EndGlobalSection
	GlobalSection(ProjectConfigurationPlatforms) = postSolution
		{FD63BF6E-00EF-5D33-96F7-6383B63CE558}.Debug|Any CPU.ActiveCfg = Debug|Any CPU
		{FD63BF6E-00EF-5D33-96F7-6383B63CE558}.Debug|Any CPU.Build.0 = Debug|Any CPU
		{FD63BF6E-00EF-5D33-96F7-6383B63CE558}.Release|Any CPU.ActiveCfg = Release|Any CPU
		{FD63BF6E-00EF-5D33-96F7-6383B63CE558}.Release|Any CPU.Build.0 = Release|Any CPU
		{F60E3F58-7BB3-730A-5FAC-746CA624FA62}.Debug|Any CPU.ActiveCfg = Debug|Any CPU
		{F60E3F58-7BB3-730A-5FAC-746CA624FA62}.Debug|Any CPU.Build.0 = Debug|Any CPU
		{F60E3F58-7BB3-730A-5FAC-746CA624FA62}.Release|Any CPU.ActiveCfg = Release|Any CPU
		{F60E3F58-7BB3-730A-5FAC-746CA624FA62}.Release|Any CPU.Build.0 = Release|Any CPU
	EndGlobalSection
	GlobalSection(SolutionProperties) = preSolution
		HideSolutionNode = FALSE
	EndGlobalSection
	GlobalSection(MonoDevelopProperties) = preSolution
		StartupItem = Assembly-CSharp.csproj
	EndGlobalSection
EndGlobal
